
Microsoft Visual Studio Solution File, Format Version 12.00
# Visual Studio Version 17
VisualStudioVersion = 17.4.33205.214
MinimumVisualStudioVersion = 10.0.40219.1
Project("{9A19103F-16F7-4668-BE54-9A1E7A4F7556}") = "FundooNoteApp", "FundooNoteApp\FundooNoteApp.csproj", "{75390C5D-A127-4E52-BD23-3BC4480F8D1D}"
EndProject
Project("{9A19103F-16F7-4668-BE54-9A1E7A4F7556}") = "CommonLayer", "CommonLayer\CommonLayer.csproj", "{C9772577-5948-4CA0-9357-B49CCEC31540}"
EndProject
Project("{9A19103F-16F7-4668-BE54-9A1E7A4F7556}") = "RepositoryLayer", "RepositoryLayer\RepositoryLayer.csproj", "{0BF6BD00-9415-4B25-B90C-60D03A8C7F1D}"
EndProject
Project("{9A19103F-16F7-4668-BE54-9A1E7A4F7556}") = "BusinessLayer", "BusinessLayer\BusinessLayer.csproj", "{D542F0DA-A1EB-46FA-A90D-82F7A777AE5C}"
EndProject
Project("{FAE04EC0-301F-11D3-BF4B-00C04F79EFBC}") = "FundooLoggerService", "FundooLoggerService\FundooLoggerService.csproj", "{EB4CF7B8-CB8F-4625-B4AE-DAFEA73ABABC}"
EndProject
Global
	GlobalSection(SolutionConfigurationPlatforms) = preSolution
		Debug|Any CPU = Debug|Any CPU
		Release|Any CPU = Release|Any CPU
	EndGlobalSection
	GlobalSection(ProjectConfigurationPlatforms) = postSolution
		{75390C5D-A127-4E52-BD23-3BC4480F8D1D}.Debug|Any CPU.ActiveCfg = Debug|Any CPU
		{75390C5D-A127-4E52-BD23-3BC4480F8D1D}.Debug|Any CPU.Build.0 = Debug|Any CPU
		{75390C5D-A127-4E52-BD23-3BC4480F8D1D}.Release|Any CPU.ActiveCfg = Release|Any CPU
		{75390C5D-A127-4E52-BD23-3BC4480F8D1D}.Release|Any CPU.Build.0 = Release|Any CPU
		{C9772577-5948-4CA0-9357-B49CCEC31540}.Debug|Any CPU.ActiveCfg = Debug|Any CPU
		{C9772577-5948-4CA0-9357-B49CCEC31540}.Debug|Any CPU.Build.0 = Debug|Any CPU
		{C9772577-5948-4CA0-9357-B49CCEC31540}.Release|Any CPU.ActiveCfg = Release|Any CPU
		{C9772577-5948-4CA0-9357-B49CCEC31540}.Release|Any CPU.Build.0 = Release|Any CPU
		{0BF6BD00-9415-4B25-B90C-60D03A8C7F1D}.Debug|Any CPU.ActiveCfg = Debug|Any CPU
		{0BF6BD00-9415-4B25-B90C-60D03A8C7F1D}.Debug|Any CPU.Build.0 = Debug|Any CPU
		{0BF6BD00-9415-4B25-B90C-60D03A8C7F1D}.Release|Any CPU.ActiveCfg = Release|Any CPU
		{0BF6BD00-9415-4B25-B90C-60D03A8C7F1D}.Release|Any CPU.Build.0 = Release|Any CPU
		{D542F0DA-A1EB-46FA-A90D-82F7A777AE5C}.Debug|Any CPU.ActiveCfg = Debug|Any CPU
		{D542F0DA-A1EB-46FA-A90D-82F7A777AE5C}.Debug|Any CPU.Build.0 = Debug|Any CPU
		{D542F0DA-A1EB-46FA-A90D-82F7A777AE5C}.Release|Any CPU.ActiveCfg = Release|Any CPU
		{D542F0DA-A1EB-46FA-A90D-82F7A777AE5C}.Release|Any CPU.Build.0 = Release|Any CPU
		{EB4CF7B8-CB8F-4625-B4AE-DAFEA73ABABC}.Debug|Any CPU.ActiveCfg = Debug|Any CPU
		{EB4CF7B8-CB8F-4625-B4AE-DAFEA73ABABC}.Debug|Any CPU.Build.0 = Debug|Any CPU
		{EB4CF7B8-CB8F-4625-B4AE-DAFEA73ABABC}.Release|Any CPU.ActiveCfg = Release|Any CPU
		{EB4CF7B8-CB8F-4625-B4AE-DAFEA73ABABC}.Release|Any CPU.Build.0 = Release|Any CPU
	EndGlobalSection
	GlobalSection(SolutionProperties) = preSolution
		HideSolutionNode = FALSE
	EndGlobalSection
	GlobalSection(ExtensibilityGlobals) = postSolution
		SolutionGuid = {0E0CDED2-3640-4744-8080-2AF34B4CC896}
	EndGlobalSection
EndGlobal
